
Microsoft Visual Studio Solution File, Format Version 12.00
# Visual Studio Version 17
VisualStudioVersion = 17.11.35219.272
MinimumVisualStudioVersion = 10.0.40219.1
Project("{FAE04EC0-301F-11D3-BF4B-00C04F79EFBC}") = "MyApi", "MyApi\MyApi.csproj", "{8C1B47F5-C4F8-4782-BCB9-94432E1AF968}"
EndProject
Global
	GlobalSection(SolutionConfigurationPlatforms) = preSolution
		Debug|Any CPU = Debug|Any CPU
		Release|Any CPU = Release|Any CPU
	EndGlobalSection
	GlobalSection(ProjectConfigurationPlatforms) = postSolution
		{8C1B47F5-C4F8-4782-BCB9-94432E1AF968}.Debug|Any CPU.ActiveCfg = Debug|Any CPU
		{8C1B47F5-C4F8-4782-BCB9-94432E1AF968}.Debug|Any CPU.Build.0 = Debug|Any CPU
		{8C1B47F5-C4F8-4782-BCB9-94432E1AF968}.Release|Any CPU.ActiveCfg = Release|Any CPU
		{8C1B47F5-C4F8-4782-BCB9-94432E1AF968}.Release|Any CPU.Build.0 = Release|Any CPU
	EndGlobalSection
	GlobalSection(SolutionProperties) = preSolution
		HideSolutionNode = FALSE
	EndGlobalSection
	GlobalSection(ExtensibilityGlobals) = postSolution
		SolutionGuid = {6C185138-A2D1-4048-B223-D3B0172F69E2}
	EndGlobalSection
EndGlobal
